
Microsoft Visual Studio Solution File, Format Version 12.00
# Visual Studio 2013
VisualStudioVersion = 12.0.31101.0
MinimumVisualStudioVersion = 10.0.40219.1
Project("{FAE04EC0-301F-11D3-BF4B-00C04F79EFBC}") = "ConsoleApplication1", "ConsoleApplication1\ConsoleApplication1.csproj", "{ABA6B68B-F51B-4194-9D3B-287E2AA8C050}"
EndProject
Project("{FAE04EC0-301F-11D3-BF4B-00C04F79EFBC}") = "WindowsFormsApplication1", "WindowsFormsApplication1\WindowsFormsApplication1.csproj", "{C028EB54-C09F-4D18-BA74-799B516FE05E}"
EndProject
Project("{FAE04EC0-301F-11D3-BF4B-00C04F79EFBC}") = "ConsoleApplication2", "ConsoleApplication2\ConsoleApplication2.csproj", "{5B83867F-3666-42C9-B266-0D1160FDCAF5}"
EndProject
Global
	GlobalSection(SolutionConfigurationPlatforms) = preSolution
		Debug|Any CPU = Debug|Any CPU
		Release|Any CPU = Release|Any CPU
	EndGlobalSection
	GlobalSection(ProjectConfigurationPlatforms) = postSolution
		{ABA6B68B-F51B-4194-9D3B-287E2AA8C050}.Debug|Any CPU.ActiveCfg = Debug|Any CPU
		{ABA6B68B-F51B-4194-9D3B-287E2AA8C050}.Debug|Any CPU.Build.0 = Debug|Any CPU
		{ABA6B68B-F51B-4194-9D3B-287E2AA8C050}.Release|Any CPU.ActiveCfg = Release|Any CPU
		{ABA6B68B-F51B-4194-9D3B-287E2AA8C050}.Release|Any CPU.Build.0 = Release|Any CPU
		{C028EB54-C09F-4D18-BA74-799B516FE05E}.Debug|Any CPU.ActiveCfg = Debug|Any CPU
		{C028EB54-C09F-4D18-BA74-799B516FE05E}.Debug|Any CPU.Build.0 = Debug|Any CPU
		{C028EB54-C09F-4D18-BA74-799B516FE05E}.Release|Any CPU.ActiveCfg = Release|Any CPU
		{C028EB54-C09F-4D18-BA74-799B516FE05E}.Release|Any CPU.Build.0 = Release|Any CPU
		{5B83867F-3666-42C9-B266-0D1160FDCAF5}.Debug|Any CPU.ActiveCfg = Debug|Any CPU
		{5B83867F-3666-42C9-B266-0D1160FDCAF5}.Debug|Any CPU.Build.0 = Debug|Any CPU
		{5B83867F-3666-42C9-B266-0D1160FDCAF5}.Release|Any CPU.ActiveCfg = Release|Any CPU
		{5B83867F-3666-42C9-B266-0D1160FDCAF5}.Release|Any CPU.Build.0 = Release|Any CPU
	EndGlobalSection
	GlobalSection(SolutionProperties) = preSolution
		HideSolutionNode = FALSE
	EndGlobalSection
EndGlobal
